// !$*UTF8*$!
{
	archiveVersion = 1;
	classes = {
	};
	objectVersion = 51;
	objects = {

/* Begin PBXBuildFile section */
		321B0D7025191FBB0008ED72 /* AppDelegate.swift in Sources */ = {isa = PBXBuildFile; fileRef = 321B0D6F25191FBB0008ED72 /* AppDelegate.swift */; };
		321B0D7225191FBB0008ED72 /* SceneDelegate.swift in Sources */ = {isa = PBXBuildFile; fileRef = 321B0D7125191FBB0008ED72 /* SceneDelegate.swift */; };
		321B0D7725191FBB0008ED72 /* Main.storyboard in Resources */ = {isa = PBXBuildFile; fileRef = 321B0D7525191FBB0008ED72 /* Main.storyboard */; };
		321B0D7925191FBF0008ED72 /* Assets.xcassets in Resources */ = {isa = PBXBuildFile; fileRef = 321B0D7825191FBF0008ED72 /* Assets.xcassets */; };
		321B0D7C25191FBF0008ED72 /* LaunchScreen.storyboard in Resources */ = {isa = PBXBuildFile; fileRef = 321B0D7A25191FBF0008ED72 /* LaunchScreen.storyboard */; };
		321B0D8F2519224D0008ED72 /* LogInViewController.swift in Sources */ = {isa = PBXBuildFile; fileRef = 321B0D8E2519224D0008ED72 /* LogInViewController.swift */; };
		321B0D922519225A0008ED72 /* LogInViewModel.swift in Sources */ = {isa = PBXBuildFile; fileRef = 321B0D912519225A0008ED72 /* LogInViewModel.swift */; };
		321B0D95251922700008ED72 /* NameViewController.swift in Sources */ = {isa = PBXBuildFile; fileRef = 321B0D94251922700008ED72 /* NameViewController.swift */; };
		321B0D982519227B0008ED72 /* EmailViewController.swift in Sources */ = {isa = PBXBuildFile; fileRef = 321B0D972519227B0008ED72 /* EmailViewController.swift */; };
		321B0D9B2519228A0008ED72 /* PasswordViewController.swift in Sources */ = {isa = PBXBuildFile; fileRef = 321B0D9A2519228A0008ED72 /* PasswordViewController.swift */; };
		321B0D9E251922960008ED72 /* HomeViewController.swift in Sources */ = {isa = PBXBuildFile; fileRef = 321B0D9D251922960008ED72 /* HomeViewController.swift */; };
		321B0DA1251922A50008ED72 /* NameViewModel.swift in Sources */ = {isa = PBXBuildFile; fileRef = 321B0DA0251922A50008ED72 /* NameViewModel.swift */; };
		321B0DA4251922AE0008ED72 /* EmailViewModel.swift in Sources */ = {isa = PBXBuildFile; fileRef = 321B0DA3251922AE0008ED72 /* EmailViewModel.swift */; };
		321B0DA7251922B90008ED72 /* PasswordViewModel.swift in Sources */ = {isa = PBXBuildFile; fileRef = 321B0DA6251922B90008ED72 /* PasswordViewModel.swift */; };
		321B0DAA251922C30008ED72 /* HomeViewModel.swift in Sources */ = {isa = PBXBuildFile; fileRef = 321B0DA9251922C30008ED72 /* HomeViewModel.swift */; };
		321B0DAD251931560008ED72 /* RoundedCornerView.swift in Sources */ = {isa = PBXBuildFile; fileRef = 321B0DAC251931560008ED72 /* RoundedCornerView.swift */; };
		321B0DB0251932270008ED72 /* RoundImageView.swift in Sources */ = {isa = PBXBuildFile; fileRef = 321B0DAF251932260008ED72 /* RoundImageView.swift */; };
		321B0DB5251933C40008ED72 /* RoundedCornerButton.swift in Sources */ = {isa = PBXBuildFile; fileRef = 321B0DB4251933C40008ED72 /* RoundedCornerButton.swift */; };
		321B0DC1251945FE0008ED72 /* UnderlinedSegmentedControl.swift in Sources */ = {isa = PBXBuildFile; fileRef = 321B0DC0251945FE0008ED72 /* UnderlinedSegmentedControl.swift */; };
		3285F8E02520FCD6006CF5A3 /* InputViewController.swift in Sources */ = {isa = PBXBuildFile; fileRef = 3285F8DF2520FCD6006CF5A3 /* InputViewController.swift */; };
		3285F8E425210D0E006CF5A3 /* MaterialTextField+Rx.swift in Sources */ = {isa = PBXBuildFile; fileRef = 3285F8E325210D0E006CF5A3 /* MaterialTextField+Rx.swift */; };
		3285F8E92521160E006CF5A3 /* String+Extension.swift in Sources */ = {isa = PBXBuildFile; fileRef = 3285F8E82521160E006CF5A3 /* String+Extension.swift */; };
		3285F8ED25211826006CF5A3 /* ProfileManager.swift in Sources */ = {isa = PBXBuildFile; fileRef = 3285F8EC25211826006CF5A3 /* ProfileManager.swift */; };
		3285F8F025211C4F006CF5A3 /* Profile.swift in Sources */ = {isa = PBXBuildFile; fileRef = 3285F8EF25211C4F006CF5A3 /* Profile.swift */; };
		3285F8FE25214574006CF5A3 /* UIViewController+Extension.swift in Sources */ = {isa = PBXBuildFile; fileRef = 3285F8FD25214574006CF5A3 /* UIViewController+Extension.swift */; };
		32F960CA251E8166003A23DA /* MaterialTextField.xib in Resources */ = {isa = PBXBuildFile; fileRef = 32F960C9251E8166003A23DA /* MaterialTextField.xib */; };
		32F960CD251E8170003A23DA /* MaterialTextField.swift in Sources */ = {isa = PBXBuildFile; fileRef = 32F960CC251E8170003A23DA /* MaterialTextField.swift */; };
		E11CC21C89DF82678A3D07BB /* Pods_bikeapp.framework in Frameworks */ = {isa = PBXBuildFile; fileRef = 65FBFBA0E48C789A2B6760C1 /* Pods_bikeapp.framework */; };
/* End PBXBuildFile section */

/* Begin PBXFileReference section */
		321B0D6C25191FBB0008ED72 /* bikeapp.app */ = {isa = PBXFileReference; explicitFileType = wrapper.application; includeInIndex = 0; path = bikeapp.app; sourceTree = BUILT_PRODUCTS_DIR; };
		321B0D6F25191FBB0008ED72 /* AppDelegate.swift */ = {isa = PBXFileReference; lastKnownFileType = sourcecode.swift; path = AppDelegate.swift; sourceTree = "<group>"; };
		321B0D7125191FBB0008ED72 /* SceneDelegate.swift */ = {isa = PBXFileReference; lastKnownFileType = sourcecode.swift; path = SceneDelegate.swift; sourceTree = "<group>"; };
		321B0D7625191FBB0008ED72 /* Base */ = {isa = PBXFileReference; lastKnownFileType = file.storyboard; name = Base; path = Base.lproj/Main.storyboard; sourceTree = "<group>"; };
		321B0D7825191FBF0008ED72 /* Assets.xcassets */ = {isa = PBXFileReference; lastKnownFileType = folder.assetcatalog; path = Assets.xcassets; sourceTree = "<group>"; };
		321B0D7B25191FBF0008ED72 /* Base */ = {isa = PBXFileReference; lastKnownFileType = file.storyboard; name = Base; path = Base.lproj/LaunchScreen.storyboard; sourceTree = "<group>"; };
		321B0D7D25191FBF0008ED72 /* Info.plist */ = {isa = PBXFileReference; lastKnownFileType = text.plist.xml; path = Info.plist; sourceTree = "<group>"; };
		321B0D8E2519224D0008ED72 /* LogInViewController.swift */ = {isa = PBXFileReference; lastKnownFileType = sourcecode.swift; path = LogInViewController.swift; sourceTree = "<group>"; };
		321B0D912519225A0008ED72 /* LogInViewModel.swift */ = {isa = PBXFileReference; lastKnownFileType = sourcecode.swift; path = LogInViewModel.swift; sourceTree = "<group>"; };
		321B0D94251922700008ED72 /* NameViewController.swift */ = {isa = PBXFileReference; lastKnownFileType = sourcecode.swift; path = NameViewController.swift; sourceTree = "<group>"; };
		321B0D972519227B0008ED72 /* EmailViewController.swift */ = {isa = PBXFileReference; lastKnownFileType = sourcecode.swift; path = EmailViewController.swift; sourceTree = "<group>"; };
		321B0D9A2519228A0008ED72 /* PasswordViewController.swift */ = {isa = PBXFileReference; lastKnownFileType = sourcecode.swift; path = PasswordViewController.swift; sourceTree = "<group>"; };
		321B0D9D251922960008ED72 /* HomeViewController.swift */ = {isa = PBXFileReference; lastKnownFileType = sourcecode.swift; path = HomeViewController.swift; sourceTree = "<group>"; };
		321B0DA0251922A50008ED72 /* NameViewModel.swift */ = {isa = PBXFileReference; lastKnownFileType = sourcecode.swift; path = NameViewModel.swift; sourceTree = "<group>"; };
		321B0DA3251922AE0008ED72 /* EmailViewModel.swift */ = {isa = PBXFileReference; lastKnownFileType = sourcecode.swift; path = EmailViewModel.swift; sourceTree = "<group>"; };
		321B0DA6251922B90008ED72 /* PasswordViewModel.swift */ = {isa = PBXFileReference; lastKnownFileType = sourcecode.swift; path = PasswordViewModel.swift; sourceTree = "<group>"; };
		321B0DA9251922C30008ED72 /* HomeViewModel.swift */ = {isa = PBXFileReference; lastKnownFileType = sourcecode.swift; path = HomeViewModel.swift; sourceTree = "<group>"; };
		321B0DAC251931560008ED72 /* RoundedCornerView.swift */ = {isa = PBXFileReference; lastKnownFileType = sourcecode.swift; path = RoundedCornerView.swift; sourceTree = "<group>"; };
		321B0DAF251932260008ED72 /* RoundImageView.swift */ = {isa = PBXFileReference; lastKnownFileType = sourcecode.swift; path = RoundImageView.swift; sourceTree = "<group>"; };
		321B0DB4251933C40008ED72 /* RoundedCornerButton.swift */ = {isa = PBXFileReference; lastKnownFileType = sourcecode.swift; path = RoundedCornerButton.swift; sourceTree = "<group>"; };
		321B0DC0251945FE0008ED72 /* UnderlinedSegmentedControl.swift */ = {isa = PBXFileReference; lastKnownFileType = sourcecode.swift; path = UnderlinedSegmentedControl.swift; sourceTree = "<group>"; };
		3285F8DF2520FCD6006CF5A3 /* InputViewController.swift */ = {isa = PBXFileReference; lastKnownFileType = sourcecode.swift; path = InputViewController.swift; sourceTree = "<group>"; };
		3285F8E325210D0E006CF5A3 /* MaterialTextField+Rx.swift */ = {isa = PBXFileReference; lastKnownFileType = sourcecode.swift; path = "MaterialTextField+Rx.swift"; sourceTree = "<group>"; };
		3285F8E82521160E006CF5A3 /* String+Extension.swift */ = {isa = PBXFileReference; lastKnownFileType = sourcecode.swift; path = "String+Extension.swift"; sourceTree = "<group>"; };
		3285F8EC25211826006CF5A3 /* ProfileManager.swift */ = {isa = PBXFileReference; lastKnownFileType = sourcecode.swift; path = ProfileManager.swift; sourceTree = "<group>"; };
		3285F8EF25211C4F006CF5A3 /* Profile.swift */ = {isa = PBXFileReference; lastKnownFileType = sourcecode.swift; path = Profile.swift; sourceTree = "<group>"; };
		3285F8FD25214574006CF5A3 /* UIViewController+Extension.swift */ = {isa = PBXFileReference; lastKnownFileType = sourcecode.swift; path = "UIViewController+Extension.swift"; sourceTree = "<group>"; };
		3286E63E120D066B7E96527F /* Pods-bikeapp.release.xcconfig */ = {isa = PBXFileReference; includeInIndex = 1; lastKnownFileType = text.xcconfig; name = "Pods-bikeapp.release.xcconfig"; path = "Target Support Files/Pods-bikeapp/Pods-bikeapp.release.xcconfig"; sourceTree = "<group>"; };
		32F960C9251E8166003A23DA /* MaterialTextField.xib */ = {isa = PBXFileReference; lastKnownFileType = file.xib; path = MaterialTextField.xib; sourceTree = "<group>"; };
		32F960CC251E8170003A23DA /* MaterialTextField.swift */ = {isa = PBXFileReference; lastKnownFileType = sourcecode.swift; path = MaterialTextField.swift; sourceTree = "<group>"; };
		65FBFBA0E48C789A2B6760C1 /* Pods_bikeapp.framework */ = {isa = PBXFileReference; explicitFileType = wrapper.framework; includeInIndex = 0; path = Pods_bikeapp.framework; sourceTree = BUILT_PRODUCTS_DIR; };
		FD136EC30842E6D5BEB2076A /* Pods-bikeapp.debug.xcconfig */ = {isa = PBXFileReference; includeInIndex = 1; lastKnownFileType = text.xcconfig; name = "Pods-bikeapp.debug.xcconfig"; path = "Target Support Files/Pods-bikeapp/Pods-bikeapp.debug.xcconfig"; sourceTree = "<group>"; };
/* End PBXFileReference section */

/* Begin PBXFrameworksBuildPhase section */
		321B0D6925191FBB0008ED72 /* Frameworks */ = {
			isa = PBXFrameworksBuildPhase;
			buildActionMask = 2147483647;
			files = (
				E11CC21C89DF82678A3D07BB /* Pods_bikeapp.framework in Frameworks */,
			);
			runOnlyForDeploymentPostprocessing = 0;
		};
/* End PBXFrameworksBuildPhase section */

/* Begin PBXGroup section */
		321B0D6325191FBB0008ED72 = {
			isa = PBXGroup;
			children = (
				321B0D6E25191FBB0008ED72 /* bikeapp */,
				321B0D6D25191FBB0008ED72 /* Products */,
				8AEC6D4C2B54E9E32AEF4F7A /* Pods */,
				FF45EB154CFBB703E5D40749 /* Frameworks */,
			);
			sourceTree = "<group>";
		};
		321B0D6D25191FBB0008ED72 /* Products */ = {
			isa = PBXGroup;
			children = (
				321B0D6C25191FBB0008ED72 /* bikeapp.app */,
			);
			name = Products;
			sourceTree = "<group>";
		};
		321B0D6E25191FBB0008ED72 /* bikeapp */ = {
			isa = PBXGroup;
			children = (
				321B0D6F25191FBB0008ED72 /* AppDelegate.swift */,
				321B0D7125191FBB0008ED72 /* SceneDelegate.swift */,
				321B0D8C251922070008ED72 /* ViewControllers */,
				321B0D8B251921F00008ED72 /* ViewModels */,
				321B0D8A251921EA0008ED72 /* Models */,
				321B0D89251921DD0008ED72 /* Views */,
				3285F8E7252115F8006CF5A3 /* Services */,
				3285F8E6252115F1006CF5A3 /* Extensions */,
				321B0D7525191FBB0008ED72 /* Main.storyboard */,
				321B0D7825191FBF0008ED72 /* Assets.xcassets */,
				321B0D7A25191FBF0008ED72 /* LaunchScreen.storyboard */,
				321B0D7D25191FBF0008ED72 /* Info.plist */,
			);
			path = bikeapp;
			sourceTree = "<group>";
		};
		321B0D89251921DD0008ED72 /* Views */ = {
			isa = PBXGroup;
			children = (
				321B0DAC251931560008ED72 /* RoundedCornerView.swift */,
				321B0DAF251932260008ED72 /* RoundImageView.swift */,
				321B0DB4251933C40008ED72 /* RoundedCornerButton.swift */,
				32F960CC251E8170003A23DA /* MaterialTextField.swift */,
				3285F8E325210D0E006CF5A3 /* MaterialTextField+Rx.swift */,
				32F960C9251E8166003A23DA /* MaterialTextField.xib */,
				3285F8DF2520FCD6006CF5A3 /* InputViewController.swift */,
				321B0DC0251945FE0008ED72 /* UnderlinedSegmentedControl.swift */,
			);
			path = Views;
			sourceTree = "<group>";
		};
		321B0D8A251921EA0008ED72 /* Models */ = {
			isa = PBXGroup;
			children = (
				3285F8EF25211C4F006CF5A3 /* Profile.swift */,
			);
			path = Models;
			sourceTree = "<group>";
		};
		321B0D8B251921F00008ED72 /* ViewModels */ = {
			isa = PBXGroup;
			children = (
				321B0D912519225A0008ED72 /* LogInViewModel.swift */,
				321B0DA0251922A50008ED72 /* NameViewModel.swift */,
				321B0DA3251922AE0008ED72 /* EmailViewModel.swift */,
				321B0DA6251922B90008ED72 /* PasswordViewModel.swift */,
				321B0DA9251922C30008ED72 /* HomeViewModel.swift */,
			);
			path = ViewModels;
			sourceTree = "<group>";
		};
		321B0D8C251922070008ED72 /* ViewControllers */ = {
			isa = PBXGroup;
			children = (
				321B0D8E2519224D0008ED72 /* LogInViewController.swift */,
				321B0D94251922700008ED72 /* NameViewController.swift */,
				321B0D972519227B0008ED72 /* EmailViewController.swift */,
				321B0D9A2519228A0008ED72 /* PasswordViewController.swift */,
				321B0D9D251922960008ED72 /* HomeViewController.swift */,
			);
			path = ViewControllers;
			sourceTree = "<group>";
		};
		3285F8E6252115F1006CF5A3 /* Extensions */ = {
			isa = PBXGroup;
			children = (
				3285F8E82521160E006CF5A3 /* String+Extension.swift */,
				3285F8FD25214574006CF5A3 /* UIViewController+Extension.swift */,
			);
			path = Extensions;
			sourceTree = "<group>";
		};
		3285F8E7252115F8006CF5A3 /* Services */ = {
			isa = PBXGroup;
			children = (
				3285F8EC25211826006CF5A3 /* ProfileManager.swift */,
			);
			path = Services;
			sourceTree = "<group>";
		};
		8AEC6D4C2B54E9E32AEF4F7A /* Pods */ = {
			isa = PBXGroup;
			children = (
				FD136EC30842E6D5BEB2076A /* Pods-bikeapp.debug.xcconfig */,
				3286E63E120D066B7E96527F /* Pods-bikeapp.release.xcconfig */,
			);
			path = Pods;
			sourceTree = "<group>";
		};
		FF45EB154CFBB703E5D40749 /* Frameworks */ = {
			isa = PBXGroup;
			children = (
				65FBFBA0E48C789A2B6760C1 /* Pods_bikeapp.framework */,
			);
			name = Frameworks;
			sourceTree = "<group>";
		};
/* End PBXGroup section */

/* Begin PBXNativeTarget section */
		321B0D6B25191FBB0008ED72 /* bikeapp */ = {
			isa = PBXNativeTarget;
			buildConfigurationList = 321B0D8025191FBF0008ED72 /* Build configuration list for PBXNativeTarget "bikeapp" */;
			buildPhases = (
				CD940A664F97439985BD1F17 /* [CP] Check Pods Manifest.lock */,
				321B0D6825191FBB0008ED72 /* Sources */,
				321B0D6925191FBB0008ED72 /* Frameworks */,
				321B0D6A25191FBB0008ED72 /* Resources */,
				9FC22875E4D5F2A9831D00FC /* [CP] Embed Pods Frameworks */,
				EC3C874208A68ACDCF7FA68C /* [CP] Copy Pods Resources */,
			);
			buildRules = (
			);
			dependencies = (
			);
			name = bikeapp;
			productName = bikeapp;
			productReference = 321B0D6C25191FBB0008ED72 /* bikeapp.app */;
			productType = "com.apple.product-type.application";
		};
/* End PBXNativeTarget section */

/* Begin PBXProject section */
		321B0D6425191FBB0008ED72 /* Project object */ = {
			isa = PBXProject;
			attributes = {
				LastSwiftUpdateCheck = 1200;
				LastUpgradeCheck = 1200;
				TargetAttributes = {
					321B0D6B25191FBB0008ED72 = {
						CreatedOnToolsVersion = 12.0;
					};
				};
			};
			buildConfigurationList = 321B0D6725191FBB0008ED72 /* Build configuration list for PBXProject "bikeapp" */;
			compatibilityVersion = "Xcode 9.3";
			developmentRegion = en;
			hasScannedForEncodings = 0;
			knownRegions = (
				en,
				Base,
			);
			mainGroup = 321B0D6325191FBB0008ED72;
			productRefGroup = 321B0D6D25191FBB0008ED72 /* Products */;
			projectDirPath = "";
			projectRoot = "";
			targets = (
				321B0D6B25191FBB0008ED72 /* bikeapp */,
			);
		};
/* End PBXProject section */

/* Begin PBXResourcesBuildPhase section */
		321B0D6A25191FBB0008ED72 /* Resources */ = {
			isa = PBXResourcesBuildPhase;
			buildActionMask = 2147483647;
			files = (
				321B0D7C25191FBF0008ED72 /* LaunchScreen.storyboard in Resources */,
				321B0D7925191FBF0008ED72 /* Assets.xcassets in Resources */,
				32F960CA251E8166003A23DA /* MaterialTextField.xib in Resources */,
				321B0D7725191FBB0008ED72 /* Main.storyboard in Resources */,
			);
			runOnlyForDeploymentPostprocessing = 0;
		};
/* End PBXResourcesBuildPhase section */

/* Begin PBXShellScriptBuildPhase section */
		9FC22875E4D5F2A9831D00FC /* [CP] Embed Pods Frameworks */ = {
			isa = PBXShellScriptBuildPhase;
			buildActionMask = 2147483647;
			files = (
			);
			inputFileListPaths = (
				"${PODS_ROOT}/Target Support Files/Pods-bikeapp/Pods-bikeapp-frameworks-${CONFIGURATION}-input-files.xcfilelist",
			);
			name = "[CP] Embed Pods Frameworks";
			outputFileListPaths = (
				"${PODS_ROOT}/Target Support Files/Pods-bikeapp/Pods-bikeapp-frameworks-${CONFIGURATION}-output-files.xcfilelist",
			);
			runOnlyForDeploymentPostprocessing = 0;
			shellPath = /bin/sh;
			shellScript = "\"${PODS_ROOT}/Target Support Files/Pods-bikeapp/Pods-bikeapp-frameworks.sh\"\n";
			showEnvVarsInLog = 0;
		};
		CD940A664F97439985BD1F17 /* [CP] Check Pods Manifest.lock */ = {
			isa = PBXShellScriptBuildPhase;
			buildActionMask = 2147483647;
			files = (
			);
			inputFileListPaths = (
			);
			inputPaths = (
				"${PODS_PODFILE_DIR_PATH}/Podfile.lock",
				"${PODS_ROOT}/Manifest.lock",
			);
			name = "[CP] Check Pods Manifest.lock";
			outputFileListPaths = (
			);
			outputPaths = (
				"$(DERIVED_FILE_DIR)/Pods-bikeapp-checkManifestLockResult.txt",
			);
			runOnlyForDeploymentPostprocessing = 0;
			shellPath = /bin/sh;
			shellScript = "diff \"${PODS_PODFILE_DIR_PATH}/Podfile.lock\" \"${PODS_ROOT}/Manifest.lock\" > /dev/null\nif [ $? != 0 ] ; then\n    # print error to STDERR\n    echo \"error: The sandbox is not in sync with the Podfile.lock. Run 'pod install' or update your CocoaPods installation.\" >&2\n    exit 1\nfi\n# This output is used by Xcode 'outputs' to avoid re-running this script phase.\necho \"SUCCESS\" > \"${SCRIPT_OUTPUT_FILE_0}\"\n";
			showEnvVarsInLog = 0;
		};
		EC3C874208A68ACDCF7FA68C /* [CP] Copy Pods Resources */ = {
			isa = PBXShellScriptBuildPhase;
			buildActionMask = 2147483647;
			files = (
			);
			inputFileListPaths = (
				"${PODS_ROOT}/Target Support Files/Pods-bikeapp/Pods-bikeapp-resources-${CONFIGURATION}-input-files.xcfilelist",
			);
			name = "[CP] Copy Pods Resources";
			outputFileListPaths = (
				"${PODS_ROOT}/Target Support Files/Pods-bikeapp/Pods-bikeapp-resources-${CONFIGURATION}-output-files.xcfilelist",
			);
			runOnlyForDeploymentPostprocessing = 0;
			shellPath = /bin/sh;
			shellScript = "\"${PODS_ROOT}/Target Support Files/Pods-bikeapp/Pods-bikeapp-resources.sh\"\n";
			showEnvVarsInLog = 0;
		};
/* End PBXShellScriptBuildPhase section */

/* Begin PBXSourcesBuildPhase section */
		321B0D6825191FBB0008ED72 /* Sources */ = {
			isa = PBXSourcesBuildPhase;
			buildActionMask = 2147483647;
			files = (
				321B0D922519225A0008ED72 /* LogInViewModel.swift in Sources */,
				321B0DA4251922AE0008ED72 /* EmailViewModel.swift in Sources */,
				321B0D982519227B0008ED72 /* EmailViewController.swift in Sources */,
				321B0DB5251933C40008ED72 /* RoundedCornerButton.swift in Sources */,
				321B0DB0251932270008ED72 /* RoundImageView.swift in Sources */,
				321B0D7025191FBB0008ED72 /* AppDelegate.swift in Sources */,
				321B0DC1251945FE0008ED72 /* UnderlinedSegmentedControl.swift in Sources */,
				3285F8FE25214574006CF5A3 /* UIViewController+Extension.swift in Sources */,
				321B0D9E251922960008ED72 /* HomeViewController.swift in Sources */,
				3285F8E92521160E006CF5A3 /* String+Extension.swift in Sources */,
				321B0DAD251931560008ED72 /* RoundedCornerView.swift in Sources */,
				3285F8ED25211826006CF5A3 /* ProfileManager.swift in Sources */,
				32F960CD251E8170003A23DA /* MaterialTextField.swift in Sources */,
				321B0D9B2519228A0008ED72 /* PasswordViewController.swift in Sources */,
				321B0DA1251922A50008ED72 /* NameViewModel.swift in Sources */,
				321B0DAA251922C30008ED72 /* HomeViewModel.swift in Sources */,
				321B0D7225191FBB0008ED72 /* SceneDelegate.swift in Sources */,
				321B0D8F2519224D0008ED72 /* LogInViewController.swift in Sources */,
				3285F8E02520FCD6006CF5A3 /* InputViewController.swift in Sources */,
				321B0D95251922700008ED72 /* NameViewController.swift in Sources */,
				3285F8F025211C4F006CF5A3 /* Profile.swift in Sources */,
				321B0DA7251922B90008ED72 /* PasswordViewModel.swift in Sources */,
				3285F8E425210D0E006CF5A3 /* MaterialTextField+Rx.swift in Sources */,
			);
			runOnlyForDeploymentPostprocessing = 0;
		};
/* End PBXSourcesBuildPhase section */

/* Begin PBXVariantGroup section */
		321B0D7525191FBB0008ED72 /* Main.storyboard */ = {
			isa = PBXVariantGroup;
			children = (
				321B0D7625191FBB0008ED72 /* Base */,
			);
			name = Main.storyboard;
			sourceTree = "<group>";
		};
		321B0D7A25191FBF0008ED72 /* LaunchScreen.storyboard */ = {
			isa = PBXVariantGroup;
			children = (
				321B0D7B25191FBF0008ED72 /* Base */,
			);
			name = LaunchScreen.storyboard;
			sourceTree = "<group>";
		};
/* End PBXVariantGroup section */

/* Begin XCBuildConfiguration section */
		321B0D7E25191FBF0008ED72 /* Debug */ = {
			isa = XCBuildConfiguration;
			buildSettings = {
				ALWAYS_SEARCH_USER_PATHS = NO;
				CLANG_ANALYZER_NONNULL = YES;
				CLANG_ANALYZER_NUMBER_OBJECT_CONVERSION = YES_AGGRESSIVE;
				CLANG_CXX_LANGUAGE_STANDARD = "gnu++14";
				CLANG_CXX_LIBRARY = "libc++";
				CLANG_ENABLE_MODULES = YES;
				CLANG_ENABLE_OBJC_ARC = YES;
				CLANG_ENABLE_OBJC_WEAK = YES;
				CLANG_WARN_BLOCK_CAPTURE_AUTORELEASING = YES;
				CLANG_WARN_BOOL_CONVERSION = YES;
				CLANG_WARN_COMMA = YES;
				CLANG_WARN_CONSTANT_CONVERSION = YES;
				CLANG_WARN_DEPRECATED_OBJC_IMPLEMENTATIONS = YES;
				CLANG_WARN_DIRECT_OBJC_ISA_USAGE = YES_ERROR;
				CLANG_WARN_DOCUMENTATION_COMMENTS = YES;
				CLANG_WARN_EMPTY_BODY = YES;
				CLANG_WARN_ENUM_CONVERSION = YES;
				CLANG_WARN_INFINITE_RECURSION = YES;
				CLANG_WARN_INT_CONVERSION = YES;
				CLANG_WARN_NON_LITERAL_NULL_CONVERSION = YES;
				CLANG_WARN_OBJC_IMPLICIT_RETAIN_SELF = YES;
				CLANG_WARN_OBJC_LITERAL_CONVERSION = YES;
				CLANG_WARN_OBJC_ROOT_CLASS = YES_ERROR;
				CLANG_WARN_QUOTED_INCLUDE_IN_FRAMEWORK_HEADER = YES;
				CLANG_WARN_RANGE_LOOP_ANALYSIS = YES;
				CLANG_WARN_STRICT_PROTOTYPES = YES;
				CLANG_WARN_SUSPICIOUS_MOVE = YES;
				CLANG_WARN_UNGUARDED_AVAILABILITY = YES_AGGRESSIVE;
				CLANG_WARN_UNREACHABLE_CODE = YES;
				CLANG_WARN__DUPLICATE_METHOD_MATCH = YES;
				COPY_PHASE_STRIP = NO;
				DEBUG_INFORMATION_FORMAT = dwarf;
				ENABLE_STRICT_OBJC_MSGSEND = YES;
				ENABLE_TESTABILITY = YES;
				GCC_C_LANGUAGE_STANDARD = gnu11;
				GCC_DYNAMIC_NO_PIC = NO;
				GCC_NO_COMMON_BLOCKS = YES;
				GCC_OPTIMIZATION_LEVEL = 0;
				GCC_PREPROCESSOR_DEFINITIONS = (
					"DEBUG=1",
					"$(inherited)",
				);
				GCC_WARN_64_TO_32_BIT_CONVERSION = YES;
				GCC_WARN_ABOUT_RETURN_TYPE = YES_ERROR;
				GCC_WARN_UNDECLARED_SELECTOR = YES;
				GCC_WARN_UNINITIALIZED_AUTOS = YES_AGGRESSIVE;
				GCC_WARN_UNUSED_FUNCTION = YES;
				GCC_WARN_UNUSED_VARIABLE = YES;
				IPHONEOS_DEPLOYMENT_TARGET = 14.0;
				MTL_ENABLE_DEBUG_INFO = INCLUDE_SOURCE;
				MTL_FAST_MATH = YES;
				ONLY_ACTIVE_ARCH = YES;
				SDKROOT = iphoneos;
				SWIFT_ACTIVE_COMPILATION_CONDITIONS = DEBUG;
				SWIFT_OPTIMIZATION_LEVEL = "-Onone";
			};
			name = Debug;
		};
		321B0D7F25191FBF0008ED72 /* Release */ = {
			isa = XCBuildConfiguration;
			buildSettings = {
				ALWAYS_SEARCH_USER_PATHS = NO;
				CLANG_ANALYZER_NONNULL = YES;
				CLANG_ANALYZER_NUMBER_OBJECT_CONVERSION = YES_AGGRESSIVE;
				CLANG_CXX_LANGUAGE_STANDARD = "gnu++14";
				CLANG_CXX_LIBRARY = "libc++";
				CLANG_ENABLE_MODULES = YES;
				CLANG_ENABLE_OBJC_ARC = YES;
				CLANG_ENABLE_OBJC_WEAK = YES;
				CLANG_WARN_BLOCK_CAPTURE_AUTORELEASING = YES;
				CLANG_WARN_BOOL_CONVERSION = YES;
				CLANG_WARN_COMMA = YES;
				CLANG_WARN_CONSTANT_CONVERSION = YES;
				CLANG_WARN_DEPRECATED_OBJC_IMPLEMENTATIONS = YES;
				CLANG_WARN_DIRECT_OBJC_ISA_USAGE = YES_ERROR;
				CLANG_WARN_DOCUMENTATION_COMMENTS = YES;
				CLANG_WARN_EMPTY_BODY = YES;
				CLANG_WARN_ENUM_CONVERSION = YES;
				CLANG_WARN_INFINITE_RECURSION = YES;
				CLANG_WARN_INT_CONVERSION = YES;
				CLANG_WARN_NON_LITERAL_NULL_CONVERSION = YES;
				CLANG_WARN_OBJC_IMPLICIT_RETAIN_SELF = YES;
				CLANG_WARN_OBJC_LITERAL_CONVERSION = YES;
				CLANG_WARN_OBJC_ROOT_CLASS = YES_ERROR;
				CLANG_WARN_QUOTED_INCLUDE_IN_FRAMEWORK_HEADER = YES;
				CLANG_WARN_RANGE_LOOP_ANALYSIS = YES;
				CLANG_WARN_STRICT_PROTOTYPES = YES;
				CLANG_WARN_SUSPICIOUS_MOVE = YES;
				CLANG_WARN_UNGUARDED_AVAILABILITY = YES_AGGRESSIVE;
				CLANG_WARN_UNREACHABLE_CODE = YES;
				CLANG_WARN__DUPLICATE_METHOD_MATCH = YES;
				COPY_PHASE_STRIP = NO;
				DEBUG_INFORMATION_FORMAT = "dwarf-with-dsym";
				ENABLE_NS_ASSERTIONS = NO;
				ENABLE_STRICT_OBJC_MSGSEND = YES;
				GCC_C_LANGUAGE_STANDARD = gnu11;
				GCC_NO_COMMON_BLOCKS = YES;
				GCC_WARN_64_TO_32_BIT_CONVERSION = YES;
				GCC_WARN_ABOUT_RETURN_TYPE = YES_ERROR;
				GCC_WARN_UNDECLARED_SELECTOR = YES;
				GCC_WARN_UNINITIALIZED_AUTOS = YES_AGGRESSIVE;
				GCC_WARN_UNUSED_FUNCTION = YES;
				GCC_WARN_UNUSED_VARIABLE = YES;
				IPHONEOS_DEPLOYMENT_TARGET = 14.0;
				MTL_ENABLE_DEBUG_INFO = NO;
				MTL_FAST_MATH = YES;
				SDKROOT = iphoneos;
				SWIFT_COMPILATION_MODE = wholemodule;
				SWIFT_OPTIMIZATION_LEVEL = "-O";
				VALIDATE_PRODUCT = YES;
			};
			name = Release;
		};
		321B0D8125191FBF0008ED72 /* Debug */ = {
			isa = XCBuildConfiguration;
			baseConfigurationReference = FD136EC30842E6D5BEB2076A /* Pods-bikeapp.debug.xcconfig */;
			buildSettings = {
				ASSETCATALOG_COMPILER_APPICON_NAME = AppIcon;
				ASSETCATALOG_COMPILER_GLOBAL_ACCENT_COLOR_NAME = AccentColor;
				CODE_SIGN_STYLE = Automatic;
				DEVELOPMENT_TEAM = UU896HB87U;
				INFOPLIST_FILE = bikeapp/Info.plist;
				LD_RUNPATH_SEARCH_PATHS = (
					"$(inherited)",
					"@executable_path/Frameworks",
				);
				PRODUCT_BUNDLE_IDENTIFIER = borodindr.bikeapp;
				PRODUCT_NAME = "$(TARGET_NAME)";
				SWIFT_VERSION = 5.0;
				TARGETED_DEVICE_FAMILY = "1,2";
			};
			name = Debug;
		};
		321B0D8225191FBF0008ED72 /* Release */ = {
			isa = XCBuildConfiguration;
			baseConfigurationReference = 3286E63E120D066B7E96527F /* Pods-bikeapp.release.xcconfig */;
			buildSettings = {
				ASSETCATALOG_COMPILER_APPICON_NAME = AppIcon;
				ASSETCATALOG_COMPILER_GLOBAL_ACCENT_COLOR_NAME = AccentColor;
				CODE_SIGN_STYLE = Automatic;
				DEVELOPMENT_TEAM = UU896HB87U;
				INFOPLIST_FILE = bikeapp/Info.plist;
				LD_RUNPATH_SEARCH_PATHS = (
					"$(inherited)",
					"@executable_path/Frameworks",
				);
				PRODUCT_BUNDLE_IDENTIFIER = borodindr.bikeapp;
				PRODUCT_NAME = "$(TARGET_NAME)";
				SWIFT_VERSION = 5.0;
				TARGETED_DEVICE_FAMILY = "1,2";
			};
			name = Release;
		};
/* End XCBuildConfiguration section */

/* Begin XCConfigurationList section */
		321B0D6725191FBB0008ED72 /* Build configuration list for PBXProject "bikeapp" */ = {
			isa = XCConfigurationList;
			buildConfigurations = (
				321B0D7E25191FBF0008ED72 /* Debug */,
				321B0D7F25191FBF0008ED72 /* Release */,
			);
			defaultConfigurationIsVisible = 0;
			defaultConfigurationName = Release;
		};
		321B0D8025191FBF0008ED72 /* Build configuration list for PBXNativeTarget "bikeapp" */ = {
			isa = XCConfigurationList;
			buildConfigurations = (
				321B0D8125191FBF0008ED72 /* Debug */,
				321B0D8225191FBF0008ED72 /* Release */,
			);
			defaultConfigurationIsVisible = 0;
			defaultConfigurationName = Release;
		};
/* End XCConfigurationList section */
	};
	rootObject = 321B0D6425191FBB0008ED72 /* Project object */;
}
